PODS:
  - KissXML (5.3.0):
    - KissXML/All (= 5.3.0)
  - KissXML/Additions (5.3.0):
    - KissXML/Core
  - KissXML/All (5.3.0):
    - KissXML/Additions
    - KissXML/Categories
    - KissXML/Core
  - KissXML/Categories (5.3.0):
    - KissXML/Core
  - KissXML/Core (5.3.0)

DEPENDENCIES:
  - KissXML (from `../../`)

EXTERNAL SOURCES:
  KissXML:
    :path: "../../"

SPEC CHECKSUMS:
  KissXML: 0c31ce833ff567f73de58fc7a7a14f2c92380b3e

PODFILE CHECKSUM: d877c76a6dd7d1b779a72b4b48c5745d694068e5

COCOAPODS: 1.8.4
