PODS:
  - KissXML (5.2.4):
    - KissXML/All (= 5.2.4)
  - KissXML/Additions (5.2.4):
    - KissXML/Core
  - KissXML/All (5.2.4):
    - KissXML/Additions
    - KissXML/Core
  - KissXML/Core (5.2.4)

DEPENDENCIES:
  - KissXML (from `../../`)

EXTERNAL SOURCES:
  KissXML:
    :path: "../../"

SPEC CHECKSUMS:
  KissXML: ecc1afc5a6b2b302505f926a15584213c01f29ce

PODFILE CHECKSUM: 1f4161d172f7cca508599c70997c48a6a4fe62a9

COCOAPODS: 1.8.4
