PODS:
  - KissXML (5.1.0):
    - KissXML/Core (= 5.1.0)
  - KissXML/Core (5.1.0)

DEPENDENCIES:
  - KissXML (from `../../`)

EXTERNAL SOURCES:
  KissXML:
    :path: "../../"

SPEC CHECKSUMS:
  KissXML: 46de78f9b9b56553aad3b0e98693fcc7199792b0

PODFILE CHECKSUM: 1f4161d172f7cca508599c70997c48a6a4fe62a9

COCOAPODS: 1.0.1
