PODS:
  - KissXML (5.2.4):
    - KissXML/All (= 5.2.4)
  - KissXML/Additions (5.2.4):
    - KissXML/Core
  - KissXML/All (5.2.4):
    - KissXML/Additions
    - KissXML/Core
  - KissXML/Core (5.2.4)

DEPENDENCIES:
  - KissXML (from `../../`)

EXTERNAL SOURCES:
  KissXML:
    :path: "../../"

SPEC CHECKSUMS:
  KissXML: ecc1afc5a6b2b302505f926a15584213c01f29ce

PODFILE CHECKSUM: 18cdeba4684ea4abe80e93ecd3edbb7ce401b95b

COCOAPODS: 1.8.4
